
Microsoft Visual Studio Solution File, Format Version 12.00
# Visual Studio 15
Project("{FAE04EC0-301F-11D3-BF4B-00C04F79EFBC}") = "Assembly-CSharp", "Assembly-CSharp.csproj", "{56469AB9-882E-1BE9-22BC-D8B6589ED12B}"
EndProject
Global
	GlobalSection(SolutionConfigurationPlatforms) = preSolution
		Debug|Any CPU = Debug|Any CPU
		Release|Any CPU = Release|Any CPU
	EndGlobalSection
	GlobalSection(ProjectConfigurationPlatforms) = postSolution
		{56469AB9-882E-1BE9-22BC-D8B6589ED12B}.Debug|Any CPU.ActiveCfg = Debug|Any CPU
		{56469AB9-882E-1BE9-22BC-D8B6589ED12B}.Debug|Any CPU.Build.0 = Debug|Any CPU
		{56469AB9-882E-1BE9-22BC-D8B6589ED12B}.Release|Any CPU.ActiveCfg = Release|Any CPU
		{56469AB9-882E-1BE9-22BC-D8B6589ED12B}.Release|Any CPU.Build.0 = Release|Any CPU
	EndGlobalSection
	GlobalSection(SolutionProperties) = preSolution
		HideSolutionNode = FALSE
	EndGlobalSection
EndGlobal
